
Microsoft Visual Studio Solution File, Format Version 12.00
# Visual Studio Version 17
VisualStudioVersion = 17.5.33424.131
MinimumVisualStudioVersion = 10.0.40219.1
Project("{FAE04EC0-301F-11D3-BF4B-00C04F79EFBC}") = "SEDC.PizzaApp_Homework3", "SEDC.PizzaApp_Homework3\SEDC.PizzaApp_Homework3.csproj", "{D704E809-4E23-4276-9DB7-2C22CD1579CF}"
EndProject
Global
	GlobalSection(SolutionConfigurationPlatforms) = preSolution
		Debug|Any CPU = Debug|Any CPU
		Release|Any CPU = Release|Any CPU
	EndGlobalSection
	GlobalSection(ProjectConfigurationPlatforms) = postSolution
		{D704E809-4E23-4276-9DB7-2C22CD1579CF}.Debug|Any CPU.ActiveCfg = Debug|Any CPU
		{D704E809-4E23-4276-9DB7-2C22CD1579CF}.Debug|Any CPU.Build.0 = Debug|Any CPU
		{D704E809-4E23-4276-9DB7-2C22CD1579CF}.Release|Any CPU.ActiveCfg = Release|Any CPU
		{D704E809-4E23-4276-9DB7-2C22CD1579CF}.Release|Any CPU.Build.0 = Release|Any CPU
	EndGlobalSection
	GlobalSection(SolutionProperties) = preSolution
		HideSolutionNode = FALSE
	EndGlobalSection
	GlobalSection(ExtensibilityGlobals) = postSolution
		SolutionGuid = {DF114B03-7852-49EE-BAFF-2D7DAA28DA8B}
	EndGlobalSection
EndGlobal
